# Generated by nimlang from [tool.nimlang] in pyproject.toml. Do not edit.
# Run `nimlang lock` to resolve the dependencies again.
version = 1
requires = ["nimpy", "nimpy_numpy >= 0.1.0"]

[[package]]
name = "nimpy"
version = "0.2.1"
url = "https://github.com/yglukhov/nimpy"
commit = "114e1b9c4f1e73d6d3999ba4df7194e7547c1be1"

[[package]]
name = "nimpy_numpy"
version = "0.1.0"
url = "https://github.com/pietroppeter/nimpy-numpy"
commit = "53a760b7910cf9ef2c70a5b6abc05ab8dca186b7"
